// !$*UTF8*$!
{
	archiveVersion = 1;
	classes = {
	};
	objectVersion = 48;
	objects = {

/* Begin PBXBuildFile section */
		C653BB301F5E48EB008EBDC8 /* AppDelegate.m in Sources */ = {isa = PBXBuildFile; fileRef = C653BB2F1F5E48EB008EBDC8 /* AppDelegate.m */; };
		C653BB331F5E48EB008EBDC8 /* ViewController.m in Sources */ = {isa = PBXBuildFile; fileRef = C653BB321F5E48EB008EBDC8 /* ViewController.m */; };
		C653BB361F5E48EB008EBDC8 /* Main.storyboard in Resources */ = {isa = PBXBuildFile; fileRef = C653BB341F5E48EB008EBDC8 /* Main.storyboard */; };
		C653BB381F5E48EB008EBDC8 /* Assets.xcassets in Resources */ = {isa = PBXBuildFile; fileRef = C653BB371F5E48EB008EBDC8 /* Assets.xcassets */; };
		C653BB3B1F5E48EB008EBDC8 /* LaunchScreen.storyboard in Resources */ = {isa = PBXBuildFile; fileRef = C653BB391F5E48EB008EBDC8 /* LaunchScreen.storyboard */; };
		C653BB3E1F5E48EB008EBDC8 /* main.m in Sources */ = {isa = PBXBuildFile; fileRef = C653BB3D1F5E48EB008EBDC8 /* main.m */; };
		C653BB471F5E490C008EBDC8 /* SNRunLoop.m in Sources */ = {isa = PBXBuildFile; fileRef = C653BB461F5E490C008EBDC8 /* SNRunLoop.m */; };
		C69187791F5E941B005CA49F /* pd_1024.png in Resources */ = {isa = PBXBuildFile; fileRef = C69187781F5E9411005CA49F /* pd_1024.png */; };
/* End PBXBuildFile section */

/* Begin PBXFileReference section */
		C653BB2B1F5E48EB008EBDC8 /* SNRunLoop.app */ = {isa = PBXFileReference; explicitFileType = wrapper.application; includeInIndex = 0; path = SNRunLoop.app; sourceTree = BUILT_PRODUCTS_DIR; };
		C653BB2E1F5E48EB008EBDC8 /* AppDelegate.h */ = {isa = PBXFileReference; lastKnownFileType = sourcecode.c.h; path = AppDelegate.h; sourceTree = "<group>"; };
		C653BB2F1F5E48EB008EBDC8 /* AppDelegate.m */ = {isa = PBXFileReference; lastKnownFileType = sourcecode.c.objc; path = AppDelegate.m; sourceTree = "<group>"; };
		C653BB311F5E48EB008EBDC8 /* ViewController.h */ = {isa = PBXFileReference; lastKnownFileType = sourcecode.c.h; path = ViewController.h; sourceTree = "<group>"; };
		C653BB321F5E48EB008EBDC8 /* ViewController.m */ = {isa = PBXFileReference; lastKnownFileType = sourcecode.c.objc; path = ViewController.m; sourceTree = "<group>"; };
		C653BB351F5E48EB008EBDC8 /* Base */ = {isa = PBXFileReference; lastKnownFileType = file.storyboard; name = Base; path = Base.lproj/Main.storyboard; sourceTree = "<group>"; };
		C653BB371F5E48EB008EBDC8 /* Assets.xcassets */ = {isa = PBXFileReference; lastKnownFileType = folder.assetcatalog; path = Assets.xcassets; sourceTree = "<group>"; };
		C653BB3A1F5E48EB008EBDC8 /* Base */ = {isa = PBXFileReference; lastKnownFileType = file.storyboard; name = Base; path = Base.lproj/LaunchScreen.storyboard; sourceTree = "<group>"; };
		C653BB3C1F5E48EB008EBDC8 /* Info.plist */ = {isa = PBXFileReference; lastKnownFileType = text.plist.xml; path = Info.plist; sourceTree = "<group>"; };
		C653BB3D1F5E48EB008EBDC8 /* main.m */ = {isa = PBXFileReference; lastKnownFileType = sourcecode.c.objc; path = main.m; sourceTree = "<group>"; };
		C653BB451F5E490C008EBDC8 /* SNRunLoop.h */ = {isa = PBXFileReference; lastKnownFileType = sourcecode.c.h; path = SNRunLoop.h; sourceTree = "<group>"; };
		C653BB461F5E490C008EBDC8 /* SNRunLoop.m */ = {isa = PBXFileReference; lastKnownFileType = sourcecode.c.objc; path = SNRunLoop.m; sourceTree = "<group>"; };
		C69187781F5E9411005CA49F /* pd_1024.png */ = {isa = PBXFileReference; lastKnownFileType = image.png; path = pd_1024.png; sourceTree = "<group>"; };
		C691877A1F5EA5BA005CA49F /* README.md */ = {isa = PBXFileReference; lastKnownFileType = net.daringfireball.markdown; path = README.md; sourceTree = "<group>"; };
/* End PBXFileReference section */

/* Begin PBXFrameworksBuildPhase section */
		C653BB281F5E48EB008EBDC8 /* Frameworks */ = {
			isa = PBXFrameworksBuildPhase;
			buildActionMask = 2147483647;
			files = (
			);
			runOnlyForDeploymentPostprocessing = 0;
		};
/* End PBXFrameworksBuildPhase section */

/* Begin PBXGroup section */
		C653BB221F5E48EB008EBDC8 = {
			isa = PBXGroup;
			children = (
				C691877A1F5EA5BA005CA49F /* README.md */,
				C653BB2D1F5E48EB008EBDC8 /* SNRunLoop */,
				C653BB2C1F5E48EB008EBDC8 /* Products */,
			);
			sourceTree = "<group>";
		};
		C653BB2C1F5E48EB008EBDC8 /* Products */ = {
			isa = PBXGroup;
			children = (
				C653BB2B1F5E48EB008EBDC8 /* SNRunLoop.app */,
			);
			name = Products;
			sourceTree = "<group>";
		};
		C653BB2D1F5E48EB008EBDC8 /* SNRunLoop */ = {
			isa = PBXGroup;
			children = (
				C69187781F5E9411005CA49F /* pd_1024.png */,
				C653BB441F5E48F4008EBDC8 /* SNRunLoop */,
				C653BB2E1F5E48EB008EBDC8 /* AppDelegate.h */,
				C653BB2F1F5E48EB008EBDC8 /* AppDelegate.m */,
				C653BB311F5E48EB008EBDC8 /* ViewController.h */,
				C653BB321F5E48EB008EBDC8 /* ViewController.m */,
				C653BB341F5E48EB008EBDC8 /* Main.storyboard */,
				C653BB371F5E48EB008EBDC8 /* Assets.xcassets */,
				C653BB391F5E48EB008EBDC8 /* LaunchScreen.storyboard */,
				C653BB3C1F5E48EB008EBDC8 /* Info.plist */,
				C653BB3D1F5E48EB008EBDC8 /* main.m */,
			);
			path = SNRunLoop;
			sourceTree = "<group>";
		};
		C653BB441F5E48F4008EBDC8 /* SNRunLoop */ = {
			isa = PBXGroup;
			children = (
				C653BB451F5E490C008EBDC8 /* SNRunLoop.h */,
				C653BB461F5E490C008EBDC8 /* SNRunLoop.m */,
			);
			path = SNRunLoop;
			sourceTree = "<group>";
		};
/* End PBXGroup section */

/* Begin PBXNativeTarget section */
		C653BB2A1F5E48EB008EBDC8 /* SNRunLoop */ = {
			isa = PBXNativeTarget;
			buildConfigurationList = C653BB411F5E48EB008EBDC8 /* Build configuration list for PBXNativeTarget "SNRunLoop" */;
			buildPhases = (
				C653BB271F5E48EB008EBDC8 /* Sources */,
				C653BB281F5E48EB008EBDC8 /* Frameworks */,
				C653BB291F5E48EB008EBDC8 /* Resources */,
			);
			buildRules = (
			);
			dependencies = (
			);
			name = SNRunLoop;
			productName = SNRunloop;
			productReference = C653BB2B1F5E48EB008EBDC8 /* SNRunLoop.app */;
			productType = "com.apple.product-type.application";
		};
/* End PBXNativeTarget section */

/* Begin PBXProject section */
		C653BB231F5E48EB008EBDC8 /* Project object */ = {
			isa = PBXProject;
			attributes = {
				LastUpgradeCheck = 0900;
				ORGANIZATIONNAME = sina;
				TargetAttributes = {
					C653BB2A1F5E48EB008EBDC8 = {
						CreatedOnToolsVersion = 9.0;
						ProvisioningStyle = Automatic;
					};
				};
			};
			buildConfigurationList = C653BB261F5E48EB008EBDC8 /* Build configuration list for PBXProject "SNRunLoop" */;
			compatibilityVersion = "Xcode 8.0";
			developmentRegion = en;
			hasScannedForEncodings = 0;
			knownRegions = (
				en,
				Base,
			);
			mainGroup = C653BB221F5E48EB008EBDC8;
			productRefGroup = C653BB2C1F5E48EB008EBDC8 /* Products */;
			projectDirPath = "";
			projectRoot = "";
			targets = (
				C653BB2A1F5E48EB008EBDC8 /* SNRunLoop */,
			);
		};
/* End PBXProject section */

/* Begin PBXResourcesBuildPhase section */
		C653BB291F5E48EB008EBDC8 /* Resources */ = {
			isa = PBXResourcesBuildPhase;
			buildActionMask = 2147483647;
			files = (
				C69187791F5E941B005CA49F /* pd_1024.png in Resources */,
				C653BB3B1F5E48EB008EBDC8 /* LaunchScreen.storyboard in Resources */,
				C653BB381F5E48EB008EBDC8 /* Assets.xcassets in Resources */,
				C653BB361F5E48EB008EBDC8 /* Main.storyboard in Resources */,
			);
			runOnlyForDeploymentPostprocessing = 0;
		};
/* End PBXResourcesBuildPhase section */

/* Begin PBXSourcesBuildPhase section */
		C653BB271F5E48EB008EBDC8 /* Sources */ = {
			isa = PBXSourcesBuildPhase;
			buildActionMask = 2147483647;
			files = (
				C653BB331F5E48EB008EBDC8 /* ViewController.m in Sources */,
				C653BB3E1F5E48EB008EBDC8 /* main.m in Sources */,
				C653BB471F5E490C008EBDC8 /* SNRunLoop.m in Sources */,
				C653BB301F5E48EB008EBDC8 /* AppDelegate.m in Sources */,
			);
			runOnlyForDeploymentPostprocessing = 0;
		};
/* End PBXSourcesBuildPhase section */

/* Begin PBXVariantGroup section */
		C653BB341F5E48EB008EBDC8 /* Main.storyboard */ = {
			isa = PBXVariantGroup;
			children = (
				C653BB351F5E48EB008EBDC8 /* Base */,
			);
			name = Main.storyboard;
			sourceTree = "<group>";
		};
		C653BB391F5E48EB008EBDC8 /* LaunchScreen.storyboard */ = {
			isa = PBXVariantGroup;
			children = (
				C653BB3A1F5E48EB008EBDC8 /* Base */,
			);
			name = LaunchScreen.storyboard;
			sourceTree = "<group>";
		};
/* End PBXVariantGroup section */

/* Begin XCBuildConfiguration section */
		C653BB3F1F5E48EB008EBDC8 /* Debug */ = {
			isa = XCBuildConfiguration;
			buildSettings = {
				ALWAYS_SEARCH_USER_PATHS = NO;
				CLANG_ANALYZER_NONNULL = YES;
				CLANG_ANALYZER_NUMBER_OBJECT_CONVERSION = YES_AGGRESSIVE;
				CLANG_CXX_LANGUAGE_STANDARD = "gnu++14";
				CLANG_CXX_LIBRARY = "libc++";
				CLANG_ENABLE_MODULES = YES;
				CLANG_ENABLE_OBJC_ARC = YES;
				CLANG_WARN_BLOCK_CAPTURE_AUTORELEASING = YES;
				CLANG_WARN_BOOL_CONVERSION = YES;
				CLANG_WARN_COMMA = YES;
				CLANG_WARN_CONSTANT_CONVERSION = YES;
				CLANG_WARN_DIRECT_OBJC_ISA_USAGE = YES_ERROR;
				CLANG_WARN_DOCUMENTATION_COMMENTS = YES;
				CLANG_WARN_EMPTY_BODY = YES;
				CLANG_WARN_ENUM_CONVERSION = YES;
				CLANG_WARN_INFINITE_RECURSION = YES;
				CLANG_WARN_INT_CONVERSION = YES;
				CLANG_WARN_NON_LITERAL_NULL_CONVERSION = YES;
				CLANG_WARN_OBJC_LITERAL_CONVERSION = YES;
				CLANG_WARN_OBJC_ROOT_CLASS = YES_ERROR;
				CLANG_WARN_RANGE_LOOP_ANALYSIS = YES;
				CLANG_WARN_STRICT_PROTOTYPES = YES;
				CLANG_WARN_SUSPICIOUS_MOVE = YES;
				CLANG_WARN_UNGUARDED_AVAILABILITY = YES_AGGRESSIVE;
				CLANG_WARN_UNREACHABLE_CODE = YES;
				CLANG_WARN__DUPLICATE_METHOD_MATCH = YES;
				CODE_SIGN_IDENTITY = "iPhone Developer";
				COPY_PHASE_STRIP = NO;
				DEBUG_INFORMATION_FORMAT = dwarf;
				ENABLE_STRICT_OBJC_MSGSEND = YES;
				ENABLE_TESTABILITY = YES;
				GCC_C_LANGUAGE_STANDARD = gnu11;
				GCC_DYNAMIC_NO_PIC = NO;
				GCC_NO_COMMON_BLOCKS = YES;
				GCC_OPTIMIZATION_LEVEL = 0;
				GCC_PREPROCESSOR_DEFINITIONS = (
					"DEBUG=1",
					"$(inherited)",
				);
				GCC_WARN_64_TO_32_BIT_CONVERSION = YES;
				GCC_WARN_ABOUT_RETURN_TYPE = YES_ERROR;
				GCC_WARN_UNDECLARED_SELECTOR = YES;
				GCC_WARN_UNINITIALIZED_AUTOS = YES_AGGRESSIVE;
				GCC_WARN_UNUSED_FUNCTION = YES;
				GCC_WARN_UNUSED_VARIABLE = YES;
				IPHONEOS_DEPLOYMENT_TARGET = 9.0;
				MTL_ENABLE_DEBUG_INFO = YES;
				ONLY_ACTIVE_ARCH = YES;
				SDKROOT = iphoneos;
			};
			name = Debug;
		};
		C653BB401F5E48EB008EBDC8 /* Release */ = {
			isa = XCBuildConfiguration;
			buildSettings = {
				ALWAYS_SEARCH_USER_PATHS = NO;
				CLANG_ANALYZER_NONNULL = YES;
				CLANG_ANALYZER_NUMBER_OBJECT_CONVERSION = YES_AGGRESSIVE;
				CLANG_CXX_LANGUAGE_STANDARD = "gnu++14";
				CLANG_CXX_LIBRARY = "libc++";
				CLANG_ENABLE_MODULES = YES;
				CLANG_ENABLE_OBJC_ARC = YES;
				CLANG_WARN_BLOCK_CAPTURE_AUTORELEASING = YES;
				CLANG_WARN_BOOL_CONVERSION = YES;
				CLANG_WARN_COMMA = YES;
				CLANG_WARN_CONSTANT_CONVERSION = YES;
				CLANG_WARN_DIRECT_OBJC_ISA_USAGE = YES_ERROR;
				CLANG_WARN_DOCUMENTATION_COMMENTS = YES;
				CLANG_WARN_EMPTY_BODY = YES;
				CLANG_WARN_ENUM_CONVERSION = YES;
				CLANG_WARN_INFINITE_RECURSION = YES;
				CLANG_WARN_INT_CONVERSION = YES;
				CLANG_WARN_NON_LITERAL_NULL_CONVERSION = YES;
				CLANG_WARN_OBJC_LITERAL_CONVERSION = YES;
				CLANG_WARN_OBJC_ROOT_CLASS = YES_ERROR;
				CLANG_WARN_RANGE_LOOP_ANALYSIS = YES;
				CLANG_WARN_STRICT_PROTOTYPES = YES;
				CLANG_WARN_SUSPICIOUS_MOVE = YES;
				CLANG_WARN_UNGUARDED_AVAILABILITY = YES_AGGRESSIVE;
				CLANG_WARN_UNREACHABLE_CODE = YES;
				CLANG_WARN__DUPLICATE_METHOD_MATCH = YES;
				CODE_SIGN_IDENTITY = "iPhone Developer";
				COPY_PHASE_STRIP = NO;
				DEBUG_INFORMATION_FORMAT = "dwarf-with-dsym";
				ENABLE_NS_ASSERTIONS = NO;
				ENABLE_STRICT_OBJC_MSGSEND = YES;
				GCC_C_LANGUAGE_STANDARD = gnu11;
				GCC_NO_COMMON_BLOCKS = YES;
				GCC_WARN_64_TO_32_BIT_CONVERSION = YES;
				GCC_WARN_ABOUT_RETURN_TYPE = YES_ERROR;
				GCC_WARN_UNDECLARED_SELECTOR = YES;
				GCC_WARN_UNINITIALIZED_AUTOS = YES_AGGRESSIVE;
				GCC_WARN_UNUSED_FUNCTION = YES;
				GCC_WARN_UNUSED_VARIABLE = YES;
				IPHONEOS_DEPLOYMENT_TARGET = 9.0;
				MTL_ENABLE_DEBUG_INFO = NO;
				SDKROOT = iphoneos;
				VALIDATE_PRODUCT = YES;
			};
			name = Release;
		};
		C653BB421F5E48EB008EBDC8 /* Debug */ = {
			isa = XCBuildConfiguration;
			buildSettings = {
				ASSETCATALOG_COMPILER_APPICON_NAME = AppIcon;
				CODE_SIGN_STYLE = Automatic;
				DEVELOPMENT_TEAM = CLMC3TB7QD;
				INFOPLIST_FILE = SNRunloop/Info.plist;
				LD_RUNPATH_SEARCH_PATHS = "$(inherited) @executable_path/Frameworks";
				PRODUCT_BUNDLE_IDENTIFIER = com.sina.SNRunloop;
				PRODUCT_NAME = "$(TARGET_NAME)";
				TARGETED_DEVICE_FAMILY = "1,2";
			};
			name = Debug;
		};
		C653BB431F5E48EB008EBDC8 /* Release */ = {
			isa = XCBuildConfiguration;
			buildSettings = {
				ASSETCATALOG_COMPILER_APPICON_NAME = AppIcon;
				CODE_SIGN_STYLE = Automatic;
				DEVELOPMENT_TEAM = CLMC3TB7QD;
				INFOPLIST_FILE = SNRunloop/Info.plist;
				LD_RUNPATH_SEARCH_PATHS = "$(inherited) @executable_path/Frameworks";
				PRODUCT_BUNDLE_IDENTIFIER = com.sina.SNRunloop;
				PRODUCT_NAME = "$(TARGET_NAME)";
				TARGETED_DEVICE_FAMILY = "1,2";
			};
			name = Release;
		};
/* End XCBuildConfiguration section */

/* Begin XCConfigurationList section */
		C653BB261F5E48EB008EBDC8 /* Build configuration list for PBXProject "SNRunLoop" */ = {
			isa = XCConfigurationList;
			buildConfigurations = (
				C653BB3F1F5E48EB008EBDC8 /* Debug */,
				C653BB401F5E48EB008EBDC8 /* Release */,
			);
			defaultConfigurationIsVisible = 0;
			defaultConfigurationName = Release;
		};
		C653BB411F5E48EB008EBDC8 /* Build configuration list for PBXNativeTarget "SNRunLoop" */ = {
			isa = XCConfigurationList;
			buildConfigurations = (
				C653BB421F5E48EB008EBDC8 /* Debug */,
				C653BB431F5E48EB008EBDC8 /* Release */,
			);
			defaultConfigurationIsVisible = 0;
			defaultConfigurationName = Release;
		};
/* End XCConfigurationList section */
	};
	rootObject = C653BB231F5E48EB008EBDC8 /* Project object */;
}
